
Microsoft Visual Studio Solution File, Format Version 12.00
# Visual Studio Version 17
VisualStudioVersion = 17.9.34607.119
MinimumVisualStudioVersion = 10.0.40219.1
Project("{FAE04EC0-301F-11D3-BF4B-00C04F79EFBC}") = "Ejercicios Clase 5", "Ejercicios Clase 5\Ejercicios Clase 5.csproj", "{E42BC280-BBE0-424C-B426-234557DEBB65}"
EndProject
Project("{FAE04EC0-301F-11D3-BF4B-00C04F79EFBC}") = "Ejercicios Clase Menu", "Ejercicios Clase Menu\Ejercicios Clase Menu.csproj", "{199DDDE7-8CBA-47D7-AB51-3F5838832F96}"
EndProject
Global
	GlobalSection(SolutionConfigurationPlatforms) = preSolution
		Debug|Any CPU = Debug|Any CPU
		Release|Any CPU = Release|Any CPU
	EndGlobalSection
	GlobalSection(ProjectConfigurationPlatforms) = postSolution
		{E42BC280-BBE0-424C-B426-234557DEBB65}.Debug|Any CPU.ActiveCfg = Debug|Any CPU
		{E42BC280-BBE0-424C-B426-234557DEBB65}.Debug|Any CPU.Build.0 = Debug|Any CPU
		{E42BC280-BBE0-424C-B426-234557DEBB65}.Release|Any CPU.ActiveCfg = Release|Any CPU
		{E42BC280-BBE0-424C-B426-234557DEBB65}.Release|Any CPU.Build.0 = Release|Any CPU
		{199DDDE7-8CBA-47D7-AB51-3F5838832F96}.Debug|Any CPU.ActiveCfg = Debug|Any CPU
		{199DDDE7-8CBA-47D7-AB51-3F5838832F96}.Debug|Any CPU.Build.0 = Debug|Any CPU
		{199DDDE7-8CBA-47D7-AB51-3F5838832F96}.Release|Any CPU.ActiveCfg = Release|Any CPU
		{199DDDE7-8CBA-47D7-AB51-3F5838832F96}.Release|Any CPU.Build.0 = Release|Any CPU
	EndGlobalSection
	GlobalSection(SolutionProperties) = preSolution
		HideSolutionNode = FALSE
	EndGlobalSection
	GlobalSection(ExtensibilityGlobals) = postSolution
		SolutionGuid = {2753D097-4383-4A29-A37C-9787E0C0C0F3}
	EndGlobalSection
EndGlobal
